codeberg.org/go-pdf/fpdf v0.11.1 h1:U8+coOTDVLxHIXZgGvkfQEi/q0hYHYvEHFuGNX2GzGs=
codeberg.org/go-pdf/fpdf v0.11.1/go.mod h1:Y0DGRAdZ0OmnZPvjbMp/1bYxmIPxm0ws4tfoPOc4LjU=
github.com/cdillond/gdf v0.1.19 h1:yO8JCURk738UpkPEKZQK72iS+SUkGzc5nt9fDm6LYs8=
github.com/cdillond/gdf v0.1.19/go.mod h1:JZ4jKZW8ahQh5nMZO+dBI+lKfb5eR5IZThmAeh04JRw=
github.com/go-text/typesetting v0.3.4 h1:YYurUOtEb9kGSOz4uE3k4OpBGsp1dDL8+fjCeaFamAU=
github.com/go-text/typesetting v0.3.4/go.mod h1:4qZCQphq4KSgGTAeI0uMEkVbROgfah8BuyF5LRYr7XY=
github.com/klauspost/compress v1.17.11 h1:In6xLpyWOi1+C7tXUUWv2ot1QvBjxevKAaI6IXrJmUc=
github.com/klauspost/compress v1.17.11/go.mod h1:pMDklpSncoRMuLFrf1W9Ss9KT+0rH90U12bZKk7uwG0=
golang.org/x/image v0.39.0 h1:skVYidAEVKgn8lZ602XO75asgXBgLj9G/FE3RbuPFww=
golang.org/x/image v0.39.0/go.mod h1:sIbmppfU+xFLPIG0FoVUTvyBMmgng1/XAMhQ2ft0hpA=
golang.org/x/text v0.36.0 h1:JfKh3XmcRPqZPKevfXVpI1wXPTqbkE5f7JA92a55Yxg=
golang.org/x/text v0.36.0/go.mod h1:NIdBknypM8iqVmPiuco0Dh6P5Jcdk8lJL0CUebqK164=
